
Microsoft Visual Studio Solution File, Format Version 11.00
# Visual Studio 2010
Project("{FAE04EC0-301F-11D3-BF4B-00C04F79EFBC}") = "Assembly-CSharp", "Assembly-CSharp.csproj", "{ae636f62-554e-dac2-0be2-64f28f35692a}"
EndProject
Project("{FAE04EC0-301F-11D3-BF4B-00C04F79EFBC}") = "MapMagic", "MapMagic.csproj", "{87f88806-6281-d6c7-10a4-895c31142cb7}"
EndProject
Project("{FAE04EC0-301F-11D3-BF4B-00C04F79EFBC}") = "Den.Tools", "Den.Tools.csproj", "{1de625fe-4e29-ce69-0648-d35338e00dfc}"
EndProject
Project("{FAE04EC0-301F-11D3-BF4B-00C04F79EFBC}") = "Assembly-CSharp-Editor", "Assembly-CSharp-Editor.csproj", "{73769b50-dfdc-7fd3-ad9d-457a91d8ab65}"
EndProject
Project("{FAE04EC0-301F-11D3-BF4B-00C04F79EFBC}") = "Den.Tools.Editor", "Den.Tools.Editor.csproj", "{ecb112c2-33a7-63aa-09cc-cef4cd94a222}"
EndProject
Project("{FAE04EC0-301F-11D3-BF4B-00C04F79EFBC}") = "MapMagic.Editor", "MapMagic.Editor.csproj", "{e32c7235-6eda-9cbc-f596-f474fcec8ab9}"
EndProject
Project("{FAE04EC0-301F-11D3-BF4B-00C04F79EFBC}") = "MapMagic.Settings", "MapMagic.Settings.csproj", "{0b4b334b-40eb-30e7-7838-de4eccbee7ae}"
EndProject
Global
	GlobalSection(SolutionConfigurationPlatforms) = preSolution
		Debug|Any CPU = Debug|Any CPU
	EndGlobalSection
	GlobalSection(ProjectConfigurationPlatforms) = postSolution
		{ae636f62-554e-dac2-0be2-64f28f35692a}.Debug|Any CPU.ActiveCfg = Debug|Any CPU
		{ae636f62-554e-dac2-0be2-64f28f35692a}.Debug|Any CPU.Build.0 = Debug|Any CPU
		{87f88806-6281-d6c7-10a4-895c31142cb7}.Debug|Any CPU.ActiveCfg = Debug|Any CPU
		{87f88806-6281-d6c7-10a4-895c31142cb7}.Debug|Any CPU.Build.0 = Debug|Any CPU
		{1de625fe-4e29-ce69-0648-d35338e00dfc}.Debug|Any CPU.ActiveCfg = Debug|Any CPU
		{1de625fe-4e29-ce69-0648-d35338e00dfc}.Debug|Any CPU.Build.0 = Debug|Any CPU
		{73769b50-dfdc-7fd3-ad9d-457a91d8ab65}.Debug|Any CPU.ActiveCfg = Debug|Any CPU
		{73769b50-dfdc-7fd3-ad9d-457a91d8ab65}.Debug|Any CPU.Build.0 = Debug|Any CPU
		{ecb112c2-33a7-63aa-09cc-cef4cd94a222}.Debug|Any CPU.ActiveCfg = Debug|Any CPU
		{ecb112c2-33a7-63aa-09cc-cef4cd94a222}.Debug|Any CPU.Build.0 = Debug|Any CPU
		{e32c7235-6eda-9cbc-f596-f474fcec8ab9}.Debug|Any CPU.ActiveCfg = Debug|Any CPU
		{e32c7235-6eda-9cbc-f596-f474fcec8ab9}.Debug|Any CPU.Build.0 = Debug|Any CPU
		{0b4b334b-40eb-30e7-7838-de4eccbee7ae}.Debug|Any CPU.ActiveCfg = Debug|Any CPU
		{0b4b334b-40eb-30e7-7838-de4eccbee7ae}.Debug|Any CPU.Build.0 = Debug|Any CPU
	EndGlobalSection
	GlobalSection(SolutionProperties) = preSolution
		HideSolutionNode = FALSE
	EndGlobalSection
EndGlobal
