
Microsoft Visual Studio Solution File, Format Version 12.00
# Visual Studio 15
Project("{FAE04EC0-301F-11D3-BF4B-00C04F79EFBC}") = "Febucci.TextAnimator.Runtime", "Febucci.TextAnimator.Runtime.csproj", "{DE6E2021-D368-CF19-8343-A9F6524016FE}"
EndProject
Project("{FAE04EC0-301F-11D3-BF4B-00C04F79EFBC}") = "MapMagic", "MapMagic.csproj", "{0688F887-8162-C7D6-10A4-895C31142CB7}"
EndProject
Project("{FAE04EC0-301F-11D3-BF4B-00C04F79EFBC}") = "SingularityGroup.HotReload.Runtime", "SingularityGroup.HotReload.Runtime.csproj", "{0F2EA581-2DA6-8A3E-E5E6-333432394EB0}"
EndProject
Project("{FAE04EC0-301F-11D3-BF4B-00C04F79EFBC}") = "Den.Tools", "Den.Tools.csproj", "{FE25E61D-294E-69CE-0648-D35338E00DFC}"
EndProject
Project("{FAE04EC0-301F-11D3-BF4B-00C04F79EFBC}") = "Den.Tools.Editor", "Den.Tools.Editor.csproj", "{C212B1EC-A733-AA63-09CC-CEF4CD94A222}"
EndProject
Project("{FAE04EC0-301F-11D3-BF4B-00C04F79EFBC}") = "SingularityGroup.HotReload.Editor", "SingularityGroup.HotReload.Editor.csproj", "{180B43C5-235B-4465-4DE1-884B73FA87A1}"
EndProject
Project("{FAE04EC0-301F-11D3-BF4B-00C04F79EFBC}") = "MapMagic.Editor", "MapMagic.Editor.csproj", "{35722CE3-DA6E-BC9C-F596-F474FCEC8AB9}"
EndProject
Project("{FAE04EC0-301F-11D3-BF4B-00C04F79EFBC}") = "AllIn1VfxDemoScriptAssemblies", "AllIn1VfxDemoScriptAssemblies.csproj", "{1DF09D4C-5B72-B3C1-96C4-13A2298CE520}"
EndProject
Project("{FAE04EC0-301F-11D3-BF4B-00C04F79EFBC}") = "Assembly-CSharp", "Assembly-CSharp.csproj", "{626F63AE-4E55-C2DA-0BE2-64F28F35692A}"
EndProject
Project("{FAE04EC0-301F-11D3-BF4B-00C04F79EFBC}") = "InputSystem.Samples.Visualizers", "InputSystem.Samples.Visualizers.csproj", "{1132CB6E-0DF8-7553-416B-FF4F03615A56}"
EndProject
Project("{FAE04EC0-301F-11D3-BF4B-00C04F79EFBC}") = "Febucci.TextAnimator.Editor", "Febucci.TextAnimator.Editor.csproj", "{BC3DBCEB-2FDE-52B6-ED90-D6726A109ADA}"
EndProject
Project("{FAE04EC0-301F-11D3-BF4B-00C04F79EFBC}") = "Febucci.Attributes.Editor", "Febucci.Attributes.Editor.csproj", "{B125899F-0540-F16B-18E2-470DC2C4685C}"
EndProject
Project("{FAE04EC0-301F-11D3-BF4B-00C04F79EFBC}") = "AllIn1VfxAssmebly", "AllIn1VfxAssmebly.csproj", "{F986ABE0-212D-9446-B389-71068A745F93}"
EndProject
Project("{FAE04EC0-301F-11D3-BF4B-00C04F79EFBC}") = "Assembly-CSharp-Editor", "Assembly-CSharp-Editor.csproj", "{509B7673-DCDF-D37F-AD9D-457A91D8AB65}"
EndProject
Project("{FAE04EC0-301F-11D3-BF4B-00C04F79EFBC}") = "SingularityGroup.HotReload.Runtime.Public", "SingularityGroup.HotReload.Runtime.Public.csproj", "{A5A9FE53-E1CB-BC2C-4C09-E82B50F4FED8}"
EndProject
Project("{FAE04EC0-301F-11D3-BF4B-00C04F79EFBC}") = "AllIn1VfxTexDemoAssembly", "AllIn1VfxTexDemoAssembly.csproj", "{979A7255-0A2D-A7EC-DE39-7A1287503F97}"
EndProject
Project("{FAE04EC0-301F-11D3-BF4B-00C04F79EFBC}") = "Febucci.Attributes.Runtime", "Febucci.Attributes.Runtime.csproj", "{54068A85-BC50-CC66-E3B0-7E5A9471305B}"
EndProject
Project("{FAE04EC0-301F-11D3-BF4B-00C04F79EFBC}") = "Febucci.TextAnimator.TMP.Runtime", "Febucci.TextAnimator.TMP.Runtime.csproj", "{955ADAD8-C96D-3BBE-DA59-FCF5AE92EFC1}"
EndProject
Project("{FAE04EC0-301F-11D3-BF4B-00C04F79EFBC}") = "MapMagic.Settings", "MapMagic.Settings.csproj", "{4B334B0B-EB40-E730-7838-DE4ECCBEE7AE}"
EndProject
Global
	GlobalSection(SolutionConfigurationPlatforms) = preSolution
		Debug|Any CPU = Debug|Any CPU
		Release|Any CPU = Release|Any CPU
	EndGlobalSection
	GlobalSection(ProjectConfigurationPlatforms) = postSolution
		{DE6E2021-D368-CF19-8343-A9F6524016FE}.Debug|Any CPU.ActiveCfg = Debug|Any CPU
		{DE6E2021-D368-CF19-8343-A9F6524016FE}.Debug|Any CPU.Build.0 = Debug|Any CPU
		{DE6E2021-D368-CF19-8343-A9F6524016FE}.Release|Any CPU.ActiveCfg = Release|Any CPU
		{DE6E2021-D368-CF19-8343-A9F6524016FE}.Release|Any CPU.Build.0 = Release|Any CPU
		{0688F887-8162-C7D6-10A4-895C31142CB7}.Debug|Any CPU.ActiveCfg = Debug|Any CPU
		{0688F887-8162-C7D6-10A4-895C31142CB7}.Debug|Any CPU.Build.0 = Debug|Any CPU
		{0688F887-8162-C7D6-10A4-895C31142CB7}.Release|Any CPU.ActiveCfg = Release|Any CPU
		{0688F887-8162-C7D6-10A4-895C31142CB7}.Release|Any CPU.Build.0 = Release|Any CPU
		{0F2EA581-2DA6-8A3E-E5E6-333432394EB0}.Debug|Any CPU.ActiveCfg = Debug|Any CPU
		{0F2EA581-2DA6-8A3E-E5E6-333432394EB0}.Debug|Any CPU.Build.0 = Debug|Any CPU
		{0F2EA581-2DA6-8A3E-E5E6-333432394EB0}.Release|Any CPU.ActiveCfg = Release|Any CPU
		{0F2EA581-2DA6-8A3E-E5E6-333432394EB0}.Release|Any CPU.Build.0 = Release|Any CPU
		{FE25E61D-294E-69CE-0648-D35338E00DFC}.Debug|Any CPU.ActiveCfg = Debug|Any CPU
		{FE25E61D-294E-69CE-0648-D35338E00DFC}.Debug|Any CPU.Build.0 = Debug|Any CPU
		{FE25E61D-294E-69CE-0648-D35338E00DFC}.Release|Any CPU.ActiveCfg = Release|Any CPU
		{FE25E61D-294E-69CE-0648-D35338E00DFC}.Release|Any CPU.Build.0 = Release|Any CPU
		{C212B1EC-A733-AA63-09CC-CEF4CD94A222}.Debug|Any CPU.ActiveCfg = Debug|Any CPU
		{C212B1EC-A733-AA63-09CC-CEF4CD94A222}.Debug|Any CPU.Build.0 = Debug|Any CPU
		{C212B1EC-A733-AA63-09CC-CEF4CD94A222}.Release|Any CPU.ActiveCfg = Release|Any CPU
		{C212B1EC-A733-AA63-09CC-CEF4CD94A222}.Release|Any CPU.Build.0 = Release|Any CPU
		{180B43C5-235B-4465-4DE1-884B73FA87A1}.Debug|Any CPU.ActiveCfg = Debug|Any CPU
		{180B43C5-235B-4465-4DE1-884B73FA87A1}.Debug|Any CPU.Build.0 = Debug|Any CPU
		{180B43C5-235B-4465-4DE1-884B73FA87A1}.Release|Any CPU.ActiveCfg = Release|Any CPU
		{180B43C5-235B-4465-4DE1-884B73FA87A1}.Release|Any CPU.Build.0 = Release|Any CPU
		{35722CE3-DA6E-BC9C-F596-F474FCEC8AB9}.Debug|Any CPU.ActiveCfg = Debug|Any CPU
		{35722CE3-DA6E-BC9C-F596-F474FCEC8AB9}.Debug|Any CPU.Build.0 = Debug|Any CPU
		{35722CE3-DA6E-BC9C-F596-F474FCEC8AB9}.Release|Any CPU.ActiveCfg = Release|Any CPU
		{35722CE3-DA6E-BC9C-F596-F474FCEC8AB9}.Release|Any CPU.Build.0 = Release|Any CPU
		{1DF09D4C-5B72-B3C1-96C4-13A2298CE520}.Debug|Any CPU.ActiveCfg = Debug|Any CPU
		{1DF09D4C-5B72-B3C1-96C4-13A2298CE520}.Debug|Any CPU.Build.0 = Debug|Any CPU
		{1DF09D4C-5B72-B3C1-96C4-13A2298CE520}.Release|Any CPU.ActiveCfg = Release|Any CPU
		{1DF09D4C-5B72-B3C1-96C4-13A2298CE520}.Release|Any CPU.Build.0 = Release|Any CPU
		{626F63AE-4E55-C2DA-0BE2-64F28F35692A}.Debug|Any CPU.ActiveCfg = Debug|Any CPU
		{626F63AE-4E55-C2DA-0BE2-64F28F35692A}.Debug|Any CPU.Build.0 = Debug|Any CPU
		{626F63AE-4E55-C2DA-0BE2-64F28F35692A}.Release|Any CPU.ActiveCfg = Release|Any CPU
		{626F63AE-4E55-C2DA-0BE2-64F28F35692A}.Release|Any CPU.Build.0 = Release|Any CPU
		{1132CB6E-0DF8-7553-416B-FF4F03615A56}.Debug|Any CPU.ActiveCfg = Debug|Any CPU
		{1132CB6E-0DF8-7553-416B-FF4F03615A56}.Debug|Any CPU.Build.0 = Debug|Any CPU
		{1132CB6E-0DF8-7553-416B-FF4F03615A56}.Release|Any CPU.ActiveCfg = Release|Any CPU
		{1132CB6E-0DF8-7553-416B-FF4F03615A56}.Release|Any CPU.Build.0 = Release|Any CPU
		{BC3DBCEB-2FDE-52B6-ED90-D6726A109ADA}.Debug|Any CPU.ActiveCfg = Debug|Any CPU
		{BC3DBCEB-2FDE-52B6-ED90-D6726A109ADA}.Debug|Any CPU.Build.0 = Debug|Any CPU
		{BC3DBCEB-2FDE-52B6-ED90-D6726A109ADA}.Release|Any CPU.ActiveCfg = Release|Any CPU
		{BC3DBCEB-2FDE-52B6-ED90-D6726A109ADA}.Release|Any CPU.Build.0 = Release|Any CPU
		{B125899F-0540-F16B-18E2-470DC2C4685C}.Debug|Any CPU.ActiveCfg = Debug|Any CPU
		{B125899F-0540-F16B-18E2-470DC2C4685C}.Debug|Any CPU.Build.0 = Debug|Any CPU
		{B125899F-0540-F16B-18E2-470DC2C4685C}.Release|Any CPU.ActiveCfg = Release|Any CPU
		{B125899F-0540-F16B-18E2-470DC2C4685C}.Release|Any CPU.Build.0 = Release|Any CPU
		{F986ABE0-212D-9446-B389-71068A745F93}.Debug|Any CPU.ActiveCfg = Debug|Any CPU
		{F986ABE0-212D-9446-B389-71068A745F93}.Debug|Any CPU.Build.0 = Debug|Any CPU
		{F986ABE0-212D-9446-B389-71068A745F93}.Release|Any CPU.ActiveCfg = Release|Any CPU
		{F986ABE0-212D-9446-B389-71068A745F93}.Release|Any CPU.Build.0 = Release|Any CPU
		{509B7673-DCDF-D37F-AD9D-457A91D8AB65}.Debug|Any CPU.ActiveCfg = Debug|Any CPU
		{509B7673-DCDF-D37F-AD9D-457A91D8AB65}.Debug|Any CPU.Build.0 = Debug|Any CPU
		{509B7673-DCDF-D37F-AD9D-457A91D8AB65}.Release|Any CPU.ActiveCfg = Release|Any CPU
		{509B7673-DCDF-D37F-AD9D-457A91D8AB65}.Release|Any CPU.Build.0 = Release|Any CPU
		{A5A9FE53-E1CB-BC2C-4C09-E82B50F4FED8}.Debug|Any CPU.ActiveCfg = Debug|Any CPU
		{A5A9FE53-E1CB-BC2C-4C09-E82B50F4FED8}.Debug|Any CPU.Build.0 = Debug|Any CPU
		{A5A9FE53-E1CB-BC2C-4C09-E82B50F4FED8}.Release|Any CPU.ActiveCfg = Release|Any CPU
		{A5A9FE53-E1CB-BC2C-4C09-E82B50F4FED8}.Release|Any CPU.Build.0 = Release|Any CPU
		{979A7255-0A2D-A7EC-DE39-7A1287503F97}.Debug|Any CPU.ActiveCfg = Debug|Any CPU
		{979A7255-0A2D-A7EC-DE39-7A1287503F97}.Debug|Any CPU.Build.0 = Debug|Any CPU
		{979A7255-0A2D-A7EC-DE39-7A1287503F97}.Release|Any CPU.ActiveCfg = Release|Any CPU
		{979A7255-0A2D-A7EC-DE39-7A1287503F97}.Release|Any CPU.Build.0 = Release|Any CPU
		{54068A85-BC50-CC66-E3B0-7E5A9471305B}.Debug|Any CPU.ActiveCfg = Debug|Any CPU
		{54068A85-BC50-CC66-E3B0-7E5A9471305B}.Debug|Any CPU.Build.0 = Debug|Any CPU
		{54068A85-BC50-CC66-E3B0-7E5A9471305B}.Release|Any CPU.ActiveCfg = Release|Any CPU
		{54068A85-BC50-CC66-E3B0-7E5A9471305B}.Release|Any CPU.Build.0 = Release|Any CPU
		{955ADAD8-C96D-3BBE-DA59-FCF5AE92EFC1}.Debug|Any CPU.ActiveCfg = Debug|Any CPU
		{955ADAD8-C96D-3BBE-DA59-FCF5AE92EFC1}.Debug|Any CPU.Build.0 = Debug|Any CPU
		{955ADAD8-C96D-3BBE-DA59-FCF5AE92EFC1}.Release|Any CPU.ActiveCfg = Release|Any CPU
		{955ADAD8-C96D-3BBE-DA59-FCF5AE92EFC1}.Release|Any CPU.Build.0 = Release|Any CPU
		{4B334B0B-EB40-E730-7838-DE4ECCBEE7AE}.Debug|Any CPU.ActiveCfg = Debug|Any CPU
		{4B334B0B-EB40-E730-7838-DE4ECCBEE7AE}.Debug|Any CPU.Build.0 = Debug|Any CPU
		{4B334B0B-EB40-E730-7838-DE4ECCBEE7AE}.Release|Any CPU.ActiveCfg = Release|Any CPU
		{4B334B0B-EB40-E730-7838-DE4ECCBEE7AE}.Release|Any CPU.Build.0 = Release|Any CPU
	EndGlobalSection
	GlobalSection(SolutionProperties) = preSolution
		HideSolutionNode = FALSE
	EndGlobalSection
EndGlobal
